
Microsoft Visual Studio Solution File, Format Version 12.00
# Visual Studio Version 17
VisualStudioVersion = 17.4.33213.308
MinimumVisualStudioVersion = 10.0.40219.1
Project("{FAE04EC0-301F-11D3-BF4B-00C04F79EFBC}") = "NewLineConverter", "NewLineConverter\NewLineConverter.csproj", "{6ED5B956-154F-4715-85BF-97359DB86E32}"
EndProject
Project("{FAE04EC0-301F-11D3-BF4B-00C04F79EFBC}") = "NewLineConverter.Test", "NewLineConverter.Test\NewLineConverter.Test.csproj", "{B62FD2A1-0A65-48F7-B363-1F80AC9DC978}"
EndProject
Global
	GlobalSection(SolutionConfigurationPlatforms) = preSolution
		Debug|Any CPU = Debug|Any CPU
		Release|Any CPU = Release|Any CPU
	EndGlobalSection
	GlobalSection(ProjectConfigurationPlatforms) = postSolution
		{6ED5B956-154F-4715-85BF-97359DB86E32}.Debug|Any CPU.ActiveCfg = Debug|Any CPU
		{6ED5B956-154F-4715-85BF-97359DB86E32}.Debug|Any CPU.Build.0 = Debug|Any CPU
		{6ED5B956-154F-4715-85BF-97359DB86E32}.Release|Any CPU.ActiveCfg = Release|Any CPU
		{6ED5B956-154F-4715-85BF-97359DB86E32}.Release|Any CPU.Build.0 = Release|Any CPU
		{B62FD2A1-0A65-48F7-B363-1F80AC9DC978}.Debug|Any CPU.ActiveCfg = Debug|Any CPU
		{B62FD2A1-0A65-48F7-B363-1F80AC9DC978}.Debug|Any CPU.Build.0 = Debug|Any CPU
		{B62FD2A1-0A65-48F7-B363-1F80AC9DC978}.Release|Any CPU.ActiveCfg = Release|Any CPU
		{B62FD2A1-0A65-48F7-B363-1F80AC9DC978}.Release|Any CPU.Build.0 = Release|Any CPU
	EndGlobalSection
	GlobalSection(SolutionProperties) = preSolution
		HideSolutionNode = FALSE
	EndGlobalSection
	GlobalSection(ExtensibilityGlobals) = postSolution
		SolutionGuid = {BBEDDD60-29F5-4FDB-953D-BA951916ABF4}
	EndGlobalSection
EndGlobal
